
Microsoft Visual Studio Solution File, Format Version 12.00
# Visual Studio Version 17
VisualStudioVersion = 17.14.36121.58 d17.14
MinimumVisualStudioVersion = 10.0.40219.1
Project("{FAE04EC0-301F-11D3-BF4B-00C04F79EFBC}") = "Proyecto2unidad1", "Proyecto2unidad1.csproj", "{D9A8CF33-E4DD-48C0-83EF-C5DF24F71D9D}"
EndProject
Global
	GlobalSection(SolutionConfigurationPlatforms) = preSolution
		Debug|Any CPU = Debug|Any CPU
		Release|Any CPU = Release|Any CPU
	EndGlobalSection
	GlobalSection(ProjectConfigurationPlatforms) = postSolution
		{D9A8CF33-E4DD-48C0-83EF-C5DF24F71D9D}.Debug|Any CPU.ActiveCfg = Debug|Any CPU
		{D9A8CF33-E4DD-48C0-83EF-C5DF24F71D9D}.Debug|Any CPU.Build.0 = Debug|Any CPU
		{D9A8CF33-E4DD-48C0-83EF-C5DF24F71D9D}.Release|Any CPU.ActiveCfg = Release|Any CPU
		{D9A8CF33-E4DD-48C0-83EF-C5DF24F71D9D}.Release|Any CPU.Build.0 = Release|Any CPU
	EndGlobalSection
	GlobalSection(SolutionProperties) = preSolution
		HideSolutionNode = FALSE
	EndGlobalSection
	GlobalSection(ExtensibilityGlobals) = postSolution
		SolutionGuid = {3EB3E3B2-D3EB-4528-BA94-F650E0CC9885}
	EndGlobalSection
EndGlobal
